// !$*UTF8*$!
{
	archiveVersion = 1;
	classes = {
	};
	objectVersion = 55;
	objects = {

/* Begin PBXBuildFile section */
		A865CCA62890FE0500DD5481 /* TableCell.swift in Sources */ = {isa = PBXBuildFile; fileRef = A865CCA42890FE0500DD5481 /* TableCell.swift */; };
		A865CCA72890FE0500DD5481 /* TableCell.xib in Resources */ = {isa = PBXBuildFile; fileRef = A865CCA52890FE0500DD5481 /* TableCell.xib */; };
		A865CCAB28911EB100DD5481 /* NewMovieVC.swift in Sources */ = {isa = PBXBuildFile; fileRef = A865CCA928911EB100DD5481 /* NewMovieVC.swift */; };
		A865CCAC28911EB100DD5481 /* NewMovieVC.xib in Resources */ = {isa = PBXBuildFile; fileRef = A865CCAA28911EB100DD5481 /* NewMovieVC.xib */; };
		A8734864288FE556002511BE /* AppDelegate.swift in Sources */ = {isa = PBXBuildFile; fileRef = A8734863288FE556002511BE /* AppDelegate.swift */; };
		A8734866288FE556002511BE /* SceneDelegate.swift in Sources */ = {isa = PBXBuildFile; fileRef = A8734865288FE556002511BE /* SceneDelegate.swift */; };
		A8734868288FE556002511BE /* ViewController.swift in Sources */ = {isa = PBXBuildFile; fileRef = A8734867288FE556002511BE /* ViewController.swift */; };
		A873486B288FE556002511BE /* Main.storyboard in Resources */ = {isa = PBXBuildFile; fileRef = A8734869288FE556002511BE /* Main.storyboard */; };
		A873486D288FE557002511BE /* Assets.xcassets in Resources */ = {isa = PBXBuildFile; fileRef = A873486C288FE557002511BE /* Assets.xcassets */; };
		A8734870288FE557002511BE /* LaunchScreen.storyboard in Resources */ = {isa = PBXBuildFile; fileRef = A873486E288FE557002511BE /* LaunchScreen.storyboard */; };
/* End PBXBuildFile section */

/* Begin PBXFileReference section */
		A865CCA42890FE0500DD5481 /* TableCell.swift */ = {isa = PBXFileReference; lastKnownFileType = sourcecode.swift; path = TableCell.swift; sourceTree = "<group>"; };
		A865CCA52890FE0500DD5481 /* TableCell.xib */ = {isa = PBXFileReference; lastKnownFileType = file.xib; path = TableCell.xib; sourceTree = "<group>"; };
		A865CCA928911EB100DD5481 /* NewMovieVC.swift */ = {isa = PBXFileReference; lastKnownFileType = sourcecode.swift; path = NewMovieVC.swift; sourceTree = "<group>"; };
		A865CCAA28911EB100DD5481 /* NewMovieVC.xib */ = {isa = PBXFileReference; lastKnownFileType = file.xib; path = NewMovieVC.xib; sourceTree = "<group>"; };
		A8734860288FE556002511BE /* project5-basictableview.app */ = {isa = PBXFileReference; explicitFileType = wrapper.application; includeInIndex = 0; path = "project5-basictableview.app"; sourceTree = BUILT_PRODUCTS_DIR; };
		A8734863288FE556002511BE /* AppDelegate.swift */ = {isa = PBXFileReference; lastKnownFileType = sourcecode.swift; path = AppDelegate.swift; sourceTree = "<group>"; };
		A8734865288FE556002511BE /* SceneDelegate.swift */ = {isa = PBXFileReference; lastKnownFileType = sourcecode.swift; path = SceneDelegate.swift; sourceTree = "<group>"; };
		A8734867288FE556002511BE /* ViewController.swift */ = {isa = PBXFileReference; lastKnownFileType = sourcecode.swift; path = ViewController.swift; sourceTree = "<group>"; };
		A873486A288FE556002511BE /* Base */ = {isa = PBXFileReference; lastKnownFileType = file.storyboard; name = Base; path = Base.lproj/Main.storyboard; sourceTree = "<group>"; };
		A873486C288FE557002511BE /* Assets.xcassets */ = {isa = PBXFileReference; lastKnownFileType = folder.assetcatalog; path = Assets.xcassets; sourceTree = "<group>"; };
		A873486F288FE557002511BE /* Base */ = {isa = PBXFileReference; lastKnownFileType = file.storyboard; name = Base; path = Base.lproj/LaunchScreen.storyboard; sourceTree = "<group>"; };
		A8734871288FE557002511BE /* Info.plist */ = {isa = PBXFileReference; lastKnownFileType = text.plist.xml; path = Info.plist; sourceTree = "<group>"; };
/* End PBXFileReference section */

/* Begin PBXFrameworksBuildPhase section */
		A873485D288FE556002511BE /* Frameworks */ = {
			isa = PBXFrameworksBuildPhase;
			buildActionMask = 2147483647;
			files = (
			);
			runOnlyForDeploymentPostprocessing = 0;
		};
/* End PBXFrameworksBuildPhase section */

/* Begin PBXGroup section */
		A8734857288FE556002511BE = {
			isa = PBXGroup;
			children = (
				A8734862288FE556002511BE /* project5-basictableview */,
				A8734861288FE556002511BE /* Products */,
			);
			sourceTree = "<group>";
		};
		A8734861288FE556002511BE /* Products */ = {
			isa = PBXGroup;
			children = (
				A8734860288FE556002511BE /* project5-basictableview.app */,
			);
			name = Products;
			sourceTree = "<group>";
		};
		A8734862288FE556002511BE /* project5-basictableview */ = {
			isa = PBXGroup;
			children = (
				A8734863288FE556002511BE /* AppDelegate.swift */,
				A8734865288FE556002511BE /* SceneDelegate.swift */,
				A8734867288FE556002511BE /* ViewController.swift */,
				A8734869288FE556002511BE /* Main.storyboard */,
				A873486C288FE557002511BE /* Assets.xcassets */,
				A873486E288FE557002511BE /* LaunchScreen.storyboard */,
				A8734871288FE557002511BE /* Info.plist */,
				A865CCA42890FE0500DD5481 /* TableCell.swift */,
				A865CCA52890FE0500DD5481 /* TableCell.xib */,
				A865CCA928911EB100DD5481 /* NewMovieVC.swift */,
				A865CCAA28911EB100DD5481 /* NewMovieVC.xib */,
			);
			path = "project5-basictableview";
			sourceTree = "<group>";
		};
/* End PBXGroup section */

/* Begin PBXNativeTarget section */
		A873485F288FE556002511BE /* project5-basictableview */ = {
			isa = PBXNativeTarget;
			buildConfigurationList = A8734874288FE557002511BE /* Build configuration list for PBXNativeTarget "project5-basictableview" */;
			buildPhases = (
				A873485C288FE556002511BE /* Sources */,
				A873485D288FE556002511BE /* Frameworks */,
				A873485E288FE556002511BE /* Resources */,
			);
			buildRules = (
			);
			dependencies = (
			);
			name = "project5-basictableview";
			productName = "project5-basictableview";
			productReference = A8734860288FE556002511BE /* project5-basictableview.app */;
			productType = "com.apple.product-type.application";
		};
/* End PBXNativeTarget section */

/* Begin PBXProject section */
		A8734858288FE556002511BE /* Project object */ = {
			isa = PBXProject;
			attributes = {
				BuildIndependentTargetsInParallel = 1;
				LastSwiftUpdateCheck = 1340;
				LastUpgradeCheck = 1340;
				TargetAttributes = {
					A873485F288FE556002511BE = {
						CreatedOnToolsVersion = 13.4.1;
					};
				};
			};
			buildConfigurationList = A873485B288FE556002511BE /* Build configuration list for PBXProject "project5-basictableview" */;
			compatibilityVersion = "Xcode 13.0";
			developmentRegion = en;
			hasScannedForEncodings = 0;
			knownRegions = (
				en,
				Base,
			);
			mainGroup = A8734857288FE556002511BE;
			productRefGroup = A8734861288FE556002511BE /* Products */;
			projectDirPath = "";
			projectRoot = "";
			targets = (
				A873485F288FE556002511BE /* project5-basictableview */,
			);
		};
/* End PBXProject section */

/* Begin PBXResourcesBuildPhase section */
		A873485E288FE556002511BE /* Resources */ = {
			isa = PBXResourcesBuildPhase;
			buildActionMask = 2147483647;
			files = (
				A8734870288FE557002511BE /* LaunchScreen.storyboard in Resources */,
				A865CCAC28911EB100DD5481 /* NewMovieVC.xib in Resources */,
				A873486D288FE557002511BE /* Assets.xcassets in Resources */,
				A865CCA72890FE0500DD5481 /* TableCell.xib in Resources */,
				A873486B288FE556002511BE /* Main.storyboard in Resources */,
			);
			runOnlyForDeploymentPostprocessing = 0;
		};
/* End PBXResourcesBuildPhase section */

/* Begin PBXSourcesBuildPhase section */
		A873485C288FE556002511BE /* Sources */ = {
			isa = PBXSourcesBuildPhase;
			buildActionMask = 2147483647;
			files = (
				A8734868288FE556002511BE /* ViewController.swift in Sources */,
				A865CCAB28911EB100DD5481 /* NewMovieVC.swift in Sources */,
				A8734864288FE556002511BE /* AppDelegate.swift in Sources */,
				A865CCA62890FE0500DD5481 /* TableCell.swift in Sources */,
				A8734866288FE556002511BE /* SceneDelegate.swift in Sources */,
			);
			runOnlyForDeploymentPostprocessing = 0;
		};
/* End PBXSourcesBuildPhase section */

/* Begin PBXVariantGroup section */
		A8734869288FE556002511BE /* Main.storyboard */ = {
			isa = PBXVariantGroup;
			children = (
				A873486A288FE556002511BE /* Base */,
			);
			name = Main.storyboard;
			sourceTree = "<group>";
		};
		A873486E288FE557002511BE /* LaunchScreen.storyboard */ = {
			isa = PBXVariantGroup;
			children = (
				A873486F288FE557002511BE /* Base */,
			);
			name = LaunchScreen.storyboard;
			sourceTree = "<group>";
		};
/* End PBXVariantGroup section */

/* Begin XCBuildConfiguration section */
		A8734872288FE557002511BE /* Debug */ = {
			isa = XCBuildConfiguration;
			buildSettings = {
				ALWAYS_SEARCH_USER_PATHS = NO;
				CLANG_ANALYZER_NONNULL = YES;
				CLANG_ANALYZER_NUMBER_OBJECT_CONVERSION = YES_AGGRESSIVE;
				CLANG_CXX_LANGUAGE_STANDARD = "gnu++17";
				CLANG_ENABLE_MODULES = YES;
				CLANG_ENABLE_OBJC_ARC = YES;
				CLANG_ENABLE_OBJC_WEAK = YES;
				CLANG_WARN_BLOCK_CAPTURE_AUTORELEASING = YES;
				CLANG_WARN_BOOL_CONVERSION = YES;
				CLANG_WARN_COMMA = YES;
				CLANG_WARN_CONSTANT_CONVERSION = YES;
				CLANG_WARN_DEPRECATED_OBJC_IMPLEMENTATIONS = YES;
				CLANG_WARN_DIRECT_OBJC_ISA_USAGE = YES_ERROR;
				CLANG_WARN_DOCUMENTATION_COMMENTS = YES;
				CLANG_WARN_EMPTY_BODY = YES;
				CLANG_WARN_ENUM_CONVERSION = YES;
				CLANG_WARN_INFINITE_RECURSION = YES;
				CLANG_WARN_INT_CONVERSION = YES;
				CLANG_WARN_NON_LITERAL_NULL_CONVERSION = YES;
				CLANG_WARN_OBJC_IMPLICIT_RETAIN_SELF = YES;
				CLANG_WARN_OBJC_LITERAL_CONVERSION = YES;
				CLANG_WARN_OBJC_ROOT_CLASS = YES_ERROR;
				CLANG_WARN_QUOTED_INCLUDE_IN_FRAMEWORK_HEADER = YES;
				CLANG_WARN_RANGE_LOOP_ANALYSIS = YES;
				CLANG_WARN_STRICT_PROTOTYPES = YES;
				CLANG_WARN_SUSPICIOUS_MOVE = YES;
				CLANG_WARN_UNGUARDED_AVAILABILITY = YES_AGGRESSIVE;
				CLANG_WARN_UNREACHABLE_CODE = YES;
				CLANG_WARN__DUPLICATE_METHOD_MATCH = YES;
				COPY_PHASE_STRIP = NO;
				DEBUG_INFORMATION_FORMAT = dwarf;
				ENABLE_STRICT_OBJC_MSGSEND = YES;
				ENABLE_TESTABILITY = YES;
				GCC_C_LANGUAGE_STANDARD = gnu11;
				GCC_DYNAMIC_NO_PIC = NO;
				GCC_NO_COMMON_BLOCKS = YES;
				GCC_OPTIMIZATION_LEVEL = 0;
				GCC_PREPROCESSOR_DEFINITIONS = (
					"DEBUG=1",
					"$(inherited)",
				);
				GCC_WARN_64_TO_32_BIT_CONVERSION = YES;
				GCC_WARN_ABOUT_RETURN_TYPE = YES_ERROR;
				GCC_WARN_UNDECLARED_SELECTOR = YES;
				GCC_WARN_UNINITIALIZED_AUTOS = YES_AGGRESSIVE;
				GCC_WARN_UNUSED_FUNCTION = YES;
				GCC_WARN_UNUSED_VARIABLE = YES;
				IPHONEOS_DEPLOYMENT_TARGET = 15.5;
				MTL_ENABLE_DEBUG_INFO = INCLUDE_SOURCE;
				MTL_FAST_MATH = YES;
				ONLY_ACTIVE_ARCH = YES;
				SDKROOT = iphoneos;
				SWIFT_ACTIVE_COMPILATION_CONDITIONS = DEBUG;
				SWIFT_OPTIMIZATION_LEVEL = "-Onone";
			};
			name = Debug;
		};
		A8734873288FE557002511BE /* Release */ = {
			isa = XCBuildConfiguration;
			buildSettings = {
				ALWAYS_SEARCH_USER_PATHS = NO;
				CLANG_ANALYZER_NONNULL = YES;
				CLANG_ANALYZER_NUMBER_OBJECT_CONVERSION = YES_AGGRESSIVE;
				CLANG_CXX_LANGUAGE_STANDARD = "gnu++17";
				CLANG_ENABLE_MODULES = YES;
				CLANG_ENABLE_OBJC_ARC = YES;
				CLANG_ENABLE_OBJC_WEAK = YES;
				CLANG_WARN_BLOCK_CAPTURE_AUTORELEASING = YES;
				CLANG_WARN_BOOL_CONVERSION = YES;
				CLANG_WARN_COMMA = YES;
				CLANG_WARN_CONSTANT_CONVERSION = YES;
				CLANG_WARN_DEPRECATED_OBJC_IMPLEMENTATIONS = YES;
				CLANG_WARN_DIRECT_OBJC_ISA_USAGE = YES_ERROR;
				CLANG_WARN_DOCUMENTATION_COMMENTS = YES;
				CLANG_WARN_EMPTY_BODY = YES;
				CLANG_WARN_ENUM_CONVERSION = YES;
				CLANG_WARN_INFINITE_RECURSION = YES;
				CLANG_WARN_INT_CONVERSION = YES;
				CLANG_WARN_NON_LITERAL_NULL_CONVERSION = YES;
				CLANG_WARN_OBJC_IMPLICIT_RETAIN_SELF = YES;
				CLANG_WARN_OBJC_LITERAL_CONVERSION = YES;
				CLANG_WARN_OBJC_ROOT_CLASS = YES_ERROR;
				CLANG_WARN_QUOTED_INCLUDE_IN_FRAMEWORK_HEADER = YES;
				CLANG_WARN_RANGE_LOOP_ANALYSIS = YES;
				CLANG_WARN_STRICT_PROTOTYPES = YES;
				CLANG_WARN_SUSPICIOUS_MOVE = YES;
				CLANG_WARN_UNGUARDED_AVAILABILITY = YES_AGGRESSIVE;
				CLANG_WARN_UNREACHABLE_CODE = YES;
				CLANG_WARN__DUPLICATE_METHOD_MATCH = YES;
				COPY_PHASE_STRIP = NO;
				DEBUG_INFORMATION_FORMAT = "dwarf-with-dsym";
				ENABLE_NS_ASSERTIONS = NO;
				ENABLE_STRICT_OBJC_MSGSEND = YES;
				GCC_C_LANGUAGE_STANDARD = gnu11;
				GCC_NO_COMMON_BLOCKS = YES;
				GCC_WARN_64_TO_32_BIT_CONVERSION = YES;
				GCC_WARN_ABOUT_RETURN_TYPE = YES_ERROR;
				GCC_WARN_UNDECLARED_SELECTOR = YES;
				GCC_WARN_UNINITIALIZED_AUTOS = YES_AGGRESSIVE;
				GCC_WARN_UNUSED_FUNCTION = YES;
				GCC_WARN_UNUSED_VARIABLE = YES;
				IPHONEOS_DEPLOYMENT_TARGET = 15.5;
				MTL_ENABLE_DEBUG_INFO = NO;
				MTL_FAST_MATH = YES;
				SDKROOT = iphoneos;
				SWIFT_COMPILATION_MODE = wholemodule;
				SWIFT_OPTIMIZATION_LEVEL = "-O";
				VALIDATE_PRODUCT = YES;
			};
			name = Release;
		};
		A8734875288FE557002511BE /* Debug */ = {
			isa = XCBuildConfiguration;
			buildSettings = {
				ASSETCATALOG_COMPILER_APPICON_NAME = AppIcon;
				ASSETCATALOG_COMPILER_GLOBAL_ACCENT_COLOR_NAME = AccentColor;
				CODE_SIGN_STYLE = Automatic;
				CURRENT_PROJECT_VERSION = 1;
				DEVELOPMENT_TEAM = 6P346823DD;
				GENERATE_INFOPLIST_FILE = YES;
				INFOPLIST_FILE = "project5-basictableview/Info.plist";
				INFOPLIST_KEY_UIApplicationSupportsIndirectInputEvents = YES;
				INFOPLIST_KEY_UILaunchStoryboardName = LaunchScreen;
				INFOPLIST_KEY_UIMainStoryboardFile = Main;
				INFOPLIST_KEY_UISupportedInterfaceOrientations_iPad = "UIInterfaceOrientationPortrait UIInterfaceOrientationPortraitUpsideDown UIInterfaceOrientationLandscapeLeft UIInterfaceOrientationLandscapeRight";
				INFOPLIST_KEY_UISupportedInterfaceOrientations_iPhone = "UIInterfaceOrientationPortrait UIInterfaceOrientationLandscapeLeft UIInterfaceOrientationLandscapeRight";
				LD_RUNPATH_SEARCH_PATHS = (
					"$(inherited)",
					"@executable_path/Frameworks",
				);
				MARKETING_VERSION = 1.0;
				PRODUCT_BUNDLE_IDENTIFIER = "co.soosky.project5-basictableview";
				PRODUCT_NAME = "$(TARGET_NAME)";
				SWIFT_EMIT_LOC_STRINGS = YES;
				SWIFT_VERSION = 5.0;
				TARGETED_DEVICE_FAMILY = "1,2";
			};
			name = Debug;
		};
		A8734876288FE557002511BE /* Release */ = {
			isa = XCBuildConfiguration;
			buildSettings = {
				ASSETCATALOG_COMPILER_APPICON_NAME = AppIcon;
				ASSETCATALOG_COMPILER_GLOBAL_ACCENT_COLOR_NAME = AccentColor;
				CODE_SIGN_STYLE = Automatic;
				CURRENT_PROJECT_VERSION = 1;
				DEVELOPMENT_TEAM = 6P346823DD;
				GENERATE_INFOPLIST_FILE = YES;
				INFOPLIST_FILE = "project5-basictableview/Info.plist";
				INFOPLIST_KEY_UIApplicationSupportsIndirectInputEvents = YES;
				INFOPLIST_KEY_UILaunchStoryboardName = LaunchScreen;
				INFOPLIST_KEY_UIMainStoryboardFile = Main;
				INFOPLIST_KEY_UISupportedInterfaceOrientations_iPad = "UIInterfaceOrientationPortrait UIInterfaceOrientationPortraitUpsideDown UIInterfaceOrientationLandscapeLeft UIInterfaceOrientationLandscapeRight";
				INFOPLIST_KEY_UISupportedInterfaceOrientations_iPhone = "UIInterfaceOrientationPortrait UIInterfaceOrientationLandscapeLeft UIInterfaceOrientationLandscapeRight";
				LD_RUNPATH_SEARCH_PATHS = (
					"$(inherited)",
					"@executable_path/Frameworks",
				);
				MARKETING_VERSION = 1.0;
				PRODUCT_BUNDLE_IDENTIFIER = "co.soosky.project5-basictableview";
				PRODUCT_NAME = "$(TARGET_NAME)";
				SWIFT_EMIT_LOC_STRINGS = YES;
				SWIFT_VERSION = 5.0;
				TARGETED_DEVICE_FAMILY = "1,2";
			};
			name = Release;
		};
/* End XCBuildConfiguration section */

/* Begin XCConfigurationList section */
		A873485B288FE556002511BE /* Build configuration list for PBXProject "project5-basictableview" */ = {
			isa = XCConfigurationList;
			buildConfigurations = (
				A8734872288FE557002511BE /* Debug */,
				A8734873288FE557002511BE /* Release */,
			);
			defaultConfigurationIsVisible = 0;
			defaultConfigurationName = Release;
		};
		A8734874288FE557002511BE /* Build configuration list for PBXNativeTarget "project5-basictableview" */ = {
			isa = XCConfigurationList;
			buildConfigurations = (
				A8734875288FE557002511BE /* Debug */,
				A8734876288FE557002511BE /* Release */,
			);
			defaultConfigurationIsVisible = 0;
			defaultConfigurationName = Release;
		};
/* End XCConfigurationList section */
	};
	rootObject = A8734858288FE556002511BE /* Project object */;
}
